
Microsoft Visual Studio Solution File, Format Version 12.00
# Visual Studio Version 17
VisualStudioVersion = 17.7.34031.279
MinimumVisualStudioVersion = 10.0.40219.1
Project("{FAE04EC0-301F-11D3-BF4B-00C04F79EFBC}") = "GitOut", "GitOut\GitOut.csproj", "{9F8EB540-0555-4043-98EC-09A5CA7040F6}"
EndProject
Global
	GlobalSection(SolutionConfigurationPlatforms) = preSolution
		Debug|Any CPU = Debug|Any CPU
		Release|Any CPU = Release|Any CPU
	EndGlobalSection
	GlobalSection(ProjectConfigurationPlatforms) = postSolution
		{9F8EB540-0555-4043-98EC-09A5CA7040F6}.Debug|Any CPU.ActiveCfg = Debug|Any CPU
		{9F8EB540-0555-4043-98EC-09A5CA7040F6}.Debug|Any CPU.Build.0 = Debug|Any CPU
		{9F8EB540-0555-4043-98EC-09A5CA7040F6}.Release|Any CPU.ActiveCfg = Release|Any CPU
		{9F8EB540-0555-4043-98EC-09A5CA7040F6}.Release|Any CPU.Build.0 = Release|Any CPU
	EndGlobalSection
	GlobalSection(SolutionProperties) = preSolution
		HideSolutionNode = FALSE
	EndGlobalSection
	GlobalSection(ExtensibilityGlobals) = postSolution
		SolutionGuid = {0945363F-4E47-4E9A-9B01-0A918B6FDB31}
	EndGlobalSection
EndGlobal
